
Microsoft Visual Studio Solution File, Format Version 12.00
# Visual Studio Version 16
VisualStudioVersion = 16.0.30804.86
MinimumVisualStudioVersion = 10.0.40219.1
Project("{8BC9CEB8-8B4A-11D0-8D11-00A0C91BC942}") = "Dll", "Dll\Dll.vcxproj", "{FA153C06-F12E-4868-9C27-F1CF71619F21}"
EndProject
Project("{8BC9CEB8-8B4A-11D0-8D11-00A0C91BC942}") = "APP_WITH_DLL", "APP_WITH_DLL\APP_WITH_DLL.vcxproj", "{94AF7326-B654-46B0-A598-1E7B97998B47}"
	ProjectSection(ProjectDependencies) = postProject
		{FA153C06-F12E-4868-9C27-F1CF71619F21} = {FA153C06-F12E-4868-9C27-F1CF71619F21}
	EndProjectSection
EndProject
Project("{54435603-DBB4-11D2-8724-00A0C9A8B90C}") = "amsiejus3.0_InstallSetup", "amsiejus3.0_InstallSetup\amsiejus3.0_InstallSetup.vdproj", "{4D3AAF5D-1B9F-437B-A62B-4EDE5A2731D0}"
EndProject
Global
	GlobalSection(SolutionConfigurationPlatforms) = preSolution
		Debug|x64 = Debug|x64
		Debug|x86 = Debug|x86
		Release|x64 = Release|x64
		Release|x86 = Release|x86
	EndGlobalSection
	GlobalSection(ProjectConfigurationPlatforms) = postSolution
		{FA153C06-F12E-4868-9C27-F1CF71619F21}.Debug|x64.ActiveCfg = Debug|x64
		{FA153C06-F12E-4868-9C27-F1CF71619F21}.Debug|x64.Build.0 = Debug|x64
		{FA153C06-F12E-4868-9C27-F1CF71619F21}.Debug|x86.ActiveCfg = Debug|Win32
		{FA153C06-F12E-4868-9C27-F1CF71619F21}.Debug|x86.Build.0 = Debug|Win32
		{FA153C06-F12E-4868-9C27-F1CF71619F21}.Release|x64.ActiveCfg = Release|x64
		{FA153C06-F12E-4868-9C27-F1CF71619F21}.Release|x64.Build.0 = Release|x64
		{FA153C06-F12E-4868-9C27-F1CF71619F21}.Release|x86.ActiveCfg = Release|Win32
		{FA153C06-F12E-4868-9C27-F1CF71619F21}.Release|x86.Build.0 = Release|Win32
		{94AF7326-B654-46B0-A598-1E7B97998B47}.Debug|x64.ActiveCfg = Debug|x64
		{94AF7326-B654-46B0-A598-1E7B97998B47}.Debug|x64.Build.0 = Debug|x64
		{94AF7326-B654-46B0-A598-1E7B97998B47}.Debug|x86.ActiveCfg = Debug|Win32
		{94AF7326-B654-46B0-A598-1E7B97998B47}.Debug|x86.Build.0 = Debug|Win32
		{94AF7326-B654-46B0-A598-1E7B97998B47}.Release|x64.ActiveCfg = Release|x64
		{94AF7326-B654-46B0-A598-1E7B97998B47}.Release|x64.Build.0 = Release|x64
		{94AF7326-B654-46B0-A598-1E7B97998B47}.Release|x86.ActiveCfg = Release|Win32
		{94AF7326-B654-46B0-A598-1E7B97998B47}.Release|x86.Build.0 = Release|Win32
		{4D3AAF5D-1B9F-437B-A62B-4EDE5A2731D0}.Debug|x64.ActiveCfg = Debug
		{4D3AAF5D-1B9F-437B-A62B-4EDE5A2731D0}.Debug|x86.ActiveCfg = Debug
		{4D3AAF5D-1B9F-437B-A62B-4EDE5A2731D0}.Release|x64.ActiveCfg = Release
		{4D3AAF5D-1B9F-437B-A62B-4EDE5A2731D0}.Release|x86.ActiveCfg = Release
	EndGlobalSection
	GlobalSection(SolutionProperties) = preSolution
		HideSolutionNode = FALSE
	EndGlobalSection
	GlobalSection(ExtensibilityGlobals) = postSolution
		SolutionGuid = {894A5AE7-56DA-4999-9690-9C50272A10D1}
	EndGlobalSection
EndGlobal
